
Microsoft Visual Studio Solution File, Format Version 11.00
# Visual Studio 2010
Project("{8BC9CEB8-8B4A-11D0-8D11-00A0C91BC942}") = "DownloadPic", "DownloadPic\DownloadPic.vcxproj", "{BD2AF13B-9F3A-484A-A8E3-B41506149B5D}"
EndProject
Project("{8BC9CEB8-8B4A-11D0-8D11-00A0C91BC942}") = "statLibJson", "libjson\libjson.vcxproj", "{153A6FE5-40A9-4C31-B0C2-1C68D2E37BEA}"
EndProject
Project("{8BC9CEB8-8B4A-11D0-8D11-00A0C91BC942}") = "CommonLib", "CommonLib\CommonLib.vcxproj", "{A7221018-A044-441A-A0DD-9FAA067D9B6C}"
EndProject
Project("{8BC9CEB8-8B4A-11D0-8D11-00A0C91BC942}") = "RegTool", "RegTool\RegTool.vcxproj", "{36ED1EA6-5CFE-4E56-B9B7-15ED34AB153B}"
EndProject
Global
	GlobalSection(SolutionConfigurationPlatforms) = preSolution
		Debug|Win32 = Debug|Win32
		Debug|x64 = Debug|x64
		Release|Win32 = Release|Win32
		Release|x64 = Release|x64
		small|Win32 = small|Win32
		small|x64 = small|x64
		VSDebug|Win32 = VSDebug|Win32
		VSDebug|x64 = VSDebug|x64
	EndGlobalSection
	GlobalSection(ProjectConfigurationPlatforms) = postSolution
		{BD2AF13B-9F3A-484A-A8E3-B41506149B5D}.Debug|Win32.ActiveCfg = Debug|Win32
		{BD2AF13B-9F3A-484A-A8E3-B41506149B5D}.Debug|Win32.Build.0 = Debug|Win32
		{BD2AF13B-9F3A-484A-A8E3-B41506149B5D}.Debug|x64.ActiveCfg = Debug|Win32
		{BD2AF13B-9F3A-484A-A8E3-B41506149B5D}.Release|Win32.ActiveCfg = Release|Win32
		{BD2AF13B-9F3A-484A-A8E3-B41506149B5D}.Release|Win32.Build.0 = Release|Win32
		{BD2AF13B-9F3A-484A-A8E3-B41506149B5D}.Release|x64.ActiveCfg = Release|Win32
		{BD2AF13B-9F3A-484A-A8E3-B41506149B5D}.small|Win32.ActiveCfg = Release|Win32
		{BD2AF13B-9F3A-484A-A8E3-B41506149B5D}.small|Win32.Build.0 = Release|Win32
		{BD2AF13B-9F3A-484A-A8E3-B41506149B5D}.small|x64.ActiveCfg = Release|Win32
		{BD2AF13B-9F3A-484A-A8E3-B41506149B5D}.VSDebug|Win32.ActiveCfg = Debug|Win32
		{BD2AF13B-9F3A-484A-A8E3-B41506149B5D}.VSDebug|Win32.Build.0 = Debug|Win32
		{BD2AF13B-9F3A-484A-A8E3-B41506149B5D}.VSDebug|x64.ActiveCfg = Debug|Win32
		{153A6FE5-40A9-4C31-B0C2-1C68D2E37BEA}.Debug|Win32.ActiveCfg = Debug|Win32
		{153A6FE5-40A9-4C31-B0C2-1C68D2E37BEA}.Debug|Win32.Build.0 = Debug|Win32
		{153A6FE5-40A9-4C31-B0C2-1C68D2E37BEA}.Debug|x64.ActiveCfg = Debug|Win32
		{153A6FE5-40A9-4C31-B0C2-1C68D2E37BEA}.Release|Win32.ActiveCfg = Release|Win32
		{153A6FE5-40A9-4C31-B0C2-1C68D2E37BEA}.Release|Win32.Build.0 = Release|Win32
		{153A6FE5-40A9-4C31-B0C2-1C68D2E37BEA}.Release|x64.ActiveCfg = Release|Win32
		{153A6FE5-40A9-4C31-B0C2-1C68D2E37BEA}.small|Win32.ActiveCfg = small|Win32
		{153A6FE5-40A9-4C31-B0C2-1C68D2E37BEA}.small|Win32.Build.0 = small|Win32
		{153A6FE5-40A9-4C31-B0C2-1C68D2E37BEA}.small|x64.ActiveCfg = small|Win32
		{153A6FE5-40A9-4C31-B0C2-1C68D2E37BEA}.VSDebug|Win32.ActiveCfg = Debug|Win32
		{153A6FE5-40A9-4C31-B0C2-1C68D2E37BEA}.VSDebug|Win32.Build.0 = Debug|Win32
		{153A6FE5-40A9-4C31-B0C2-1C68D2E37BEA}.VSDebug|x64.ActiveCfg = Debug|Win32
		{A7221018-A044-441A-A0DD-9FAA067D9B6C}.Debug|Win32.ActiveCfg = Debug|Win32
		{A7221018-A044-441A-A0DD-9FAA067D9B6C}.Debug|Win32.Build.0 = Debug|Win32
		{A7221018-A044-441A-A0DD-9FAA067D9B6C}.Debug|x64.ActiveCfg = Debug|x64
		{A7221018-A044-441A-A0DD-9FAA067D9B6C}.Debug|x64.Build.0 = Debug|x64
		{A7221018-A044-441A-A0DD-9FAA067D9B6C}.Release|Win32.ActiveCfg = Release|Win32
		{A7221018-A044-441A-A0DD-9FAA067D9B6C}.Release|Win32.Build.0 = Release|Win32
		{A7221018-A044-441A-A0DD-9FAA067D9B6C}.Release|x64.ActiveCfg = Release|x64
		{A7221018-A044-441A-A0DD-9FAA067D9B6C}.Release|x64.Build.0 = Release|x64
		{A7221018-A044-441A-A0DD-9FAA067D9B6C}.small|Win32.ActiveCfg = VSDebug|x64
		{A7221018-A044-441A-A0DD-9FAA067D9B6C}.small|x64.ActiveCfg = VSDebug|x64
		{A7221018-A044-441A-A0DD-9FAA067D9B6C}.small|x64.Build.0 = VSDebug|x64
		{A7221018-A044-441A-A0DD-9FAA067D9B6C}.VSDebug|Win32.ActiveCfg = VSDebug|Win32
		{A7221018-A044-441A-A0DD-9FAA067D9B6C}.VSDebug|Win32.Build.0 = VSDebug|Win32
		{A7221018-A044-441A-A0DD-9FAA067D9B6C}.VSDebug|x64.ActiveCfg = VSDebug|x64
		{A7221018-A044-441A-A0DD-9FAA067D9B6C}.VSDebug|x64.Build.0 = VSDebug|x64
		{36ED1EA6-5CFE-4E56-B9B7-15ED34AB153B}.Debug|Win32.ActiveCfg = Debug|Win32
		{36ED1EA6-5CFE-4E56-B9B7-15ED34AB153B}.Debug|Win32.Build.0 = Debug|Win32
		{36ED1EA6-5CFE-4E56-B9B7-15ED34AB153B}.Debug|x64.ActiveCfg = Debug|Win32
		{36ED1EA6-5CFE-4E56-B9B7-15ED34AB153B}.Release|Win32.ActiveCfg = Release|Win32
		{36ED1EA6-5CFE-4E56-B9B7-15ED34AB153B}.Release|Win32.Build.0 = Release|Win32
		{36ED1EA6-5CFE-4E56-B9B7-15ED34AB153B}.Release|x64.ActiveCfg = Release|Win32
		{36ED1EA6-5CFE-4E56-B9B7-15ED34AB153B}.small|Win32.ActiveCfg = Release|Win32
		{36ED1EA6-5CFE-4E56-B9B7-15ED34AB153B}.small|Win32.Build.0 = Release|Win32
		{36ED1EA6-5CFE-4E56-B9B7-15ED34AB153B}.small|x64.ActiveCfg = Release|Win32
		{36ED1EA6-5CFE-4E56-B9B7-15ED34AB153B}.VSDebug|Win32.ActiveCfg = Debug|Win32
		{36ED1EA6-5CFE-4E56-B9B7-15ED34AB153B}.VSDebug|Win32.Build.0 = Debug|Win32
		{36ED1EA6-5CFE-4E56-B9B7-15ED34AB153B}.VSDebug|x64.ActiveCfg = Debug|Win32
	EndGlobalSection
	GlobalSection(SolutionProperties) = preSolution
		HideSolutionNode = FALSE
	EndGlobalSection
EndGlobal
